// !$*UTF8*$!
{
	archiveVersion = 1;
	classes = {
	};
	objectVersion = 50;
	objects = {

/* Begin PBXBuildFile section */
		0C49B32823B692C60094EFFD /* AppDelegate.swift in Sources */ = {isa = PBXBuildFile; fileRef = 0C49B32723B692C60094EFFD /* AppDelegate.swift */; };
		0C49B32A23B692C60094EFFD /* ViewController.swift in Sources */ = {isa = PBXBuildFile; fileRef = 0C49B32923B692C60094EFFD /* ViewController.swift */; };
		0C49B32D23B692C60094EFFD /* Main.storyboard in Resources */ = {isa = PBXBuildFile; fileRef = 0C49B32B23B692C60094EFFD /* Main.storyboard */; };
		0C49B32F23B692C80094EFFD /* Assets.xcassets in Resources */ = {isa = PBXBuildFile; fileRef = 0C49B32E23B692C80094EFFD /* Assets.xcassets */; };
		0C49B33223B692C80094EFFD /* LaunchScreen.storyboard in Resources */ = {isa = PBXBuildFile; fileRef = 0C49B33023B692C80094EFFD /* LaunchScreen.storyboard */; };
		4F378C87FAD46208891852D3 /* Pods_cocoa.framework in Frameworks */ = {isa = PBXBuildFile; fileRef = C219D1DE7EF3B60C2186AA22 /* Pods_cocoa.framework */; };
/* End PBXBuildFile section */

/* Begin PBXFileReference section */
		0C49B32423B692C60094EFFD /* cocoa.app */ = {isa = PBXFileReference; explicitFileType = wrapper.application; includeInIndex = 0; path = cocoa.app; sourceTree = BUILT_PRODUCTS_DIR; };
		0C49B32723B692C60094EFFD /* AppDelegate.swift */ = {isa = PBXFileReference; lastKnownFileType = sourcecode.swift; path = AppDelegate.swift; sourceTree = "<group>"; };
		0C49B32923B692C60094EFFD /* ViewController.swift */ = {isa = PBXFileReference; lastKnownFileType = sourcecode.swift; path = ViewController.swift; sourceTree = "<group>"; };
		0C49B32C23B692C60094EFFD /* Base */ = {isa = PBXFileReference; lastKnownFileType = file.storyboard; name = Base; path = Base.lproj/Main.storyboard; sourceTree = "<group>"; };
		0C49B32E23B692C80094EFFD /* Assets.xcassets */ = {isa = PBXFileReference; lastKnownFileType = folder.assetcatalog; path = Assets.xcassets; sourceTree = "<group>"; };
		0C49B33123B692C80094EFFD /* Base */ = {isa = PBXFileReference; lastKnownFileType = file.storyboard; name = Base; path = Base.lproj/LaunchScreen.storyboard; sourceTree = "<group>"; };
		0C49B33323B692C80094EFFD /* Info.plist */ = {isa = PBXFileReference; lastKnownFileType = text.plist.xml; path = Info.plist; sourceTree = "<group>"; };
		21ADD0B86327E5C24DB407C3 /* Pods-cocoa.release.xcconfig */ = {isa = PBXFileReference; includeInIndex = 1; lastKnownFileType = text.xcconfig; name = "Pods-cocoa.release.xcconfig"; path = "Target Support Files/Pods-cocoa/Pods-cocoa.release.xcconfig"; sourceTree = "<group>"; };
		C219D1DE7EF3B60C2186AA22 /* Pods_cocoa.framework */ = {isa = PBXFileReference; explicitFileType = wrapper.framework; includeInIndex = 0; path = Pods_cocoa.framework; sourceTree = BUILT_PRODUCTS_DIR; };
		D9EC343AB3C76783919A6A8A /* Pods-cocoa.debug.xcconfig */ = {isa = PBXFileReference; includeInIndex = 1; lastKnownFileType = text.xcconfig; name = "Pods-cocoa.debug.xcconfig"; path = "Target Support Files/Pods-cocoa/Pods-cocoa.debug.xcconfig"; sourceTree = "<group>"; };
/* End PBXFileReference section */

/* Begin PBXFrameworksBuildPhase section */
		0C49B32123B692C60094EFFD /* Frameworks */ = {
			isa = PBXFrameworksBuildPhase;
			buildActionMask = 2147483647;
			files = (
				4F378C87FAD46208891852D3 /* Pods_cocoa.framework in Frameworks */,
			);
			runOnlyForDeploymentPostprocessing = 0;
		};
/* End PBXFrameworksBuildPhase section */

/* Begin PBXGroup section */
		0C49B31B23B692C60094EFFD = {
			isa = PBXGroup;
			children = (
				0C49B32623B692C60094EFFD /* cocoa */,
				0C49B32523B692C60094EFFD /* Products */,
				1FEB13D03958C5326C441465 /* Pods */,
				99E68AFB65BB8E0CA94E247F /* Frameworks */,
			);
			sourceTree = "<group>";
		};
		0C49B32523B692C60094EFFD /* Products */ = {
			isa = PBXGroup;
			children = (
				0C49B32423B692C60094EFFD /* cocoa.app */,
			);
			name = Products;
			sourceTree = "<group>";
		};
		0C49B32623B692C60094EFFD /* cocoa */ = {
			isa = PBXGroup;
			children = (
				0C49B32723B692C60094EFFD /* AppDelegate.swift */,
				0C49B32923B692C60094EFFD /* ViewController.swift */,
				0C49B32B23B692C60094EFFD /* Main.storyboard */,
				0C49B32E23B692C80094EFFD /* Assets.xcassets */,
				0C49B33023B692C80094EFFD /* LaunchScreen.storyboard */,
				0C49B33323B692C80094EFFD /* Info.plist */,
			);
			path = cocoa;
			sourceTree = "<group>";
		};
		1FEB13D03958C5326C441465 /* Pods */ = {
			isa = PBXGroup;
			children = (
				D9EC343AB3C76783919A6A8A /* Pods-cocoa.debug.xcconfig */,
				21ADD0B86327E5C24DB407C3 /* Pods-cocoa.release.xcconfig */,
			);
			name = Pods;
			path = Pods;
			sourceTree = "<group>";
		};
		99E68AFB65BB8E0CA94E247F /* Frameworks */ = {
			isa = PBXGroup;
			children = (
				C219D1DE7EF3B60C2186AA22 /* Pods_cocoa.framework */,
			);
			name = Frameworks;
			sourceTree = "<group>";
		};
/* End PBXGroup section */

/* Begin PBXNativeTarget section */
		0C49B32323B692C60094EFFD /* cocoa */ = {
			isa = PBXNativeTarget;
			buildConfigurationList = 0C49B33623B692C80094EFFD /* Build configuration list for PBXNativeTarget "cocoa" */;
			buildPhases = (
				C0443C5A498B54870B518579 /* [CP] Check Pods Manifest.lock */,
				0C49B32023B692C60094EFFD /* Sources */,
				0C49B32123B692C60094EFFD /* Frameworks */,
				0C49B32223B692C60094EFFD /* Resources */,
				024B16F5E17AA9EBDCEB5966 /* [CP] Embed Pods Frameworks */,
			);
			buildRules = (
			);
			dependencies = (
			);
			name = cocoa;
			productName = cocoa;
			productReference = 0C49B32423B692C60094EFFD /* cocoa.app */;
			productType = "com.apple.product-type.application";
		};
/* End PBXNativeTarget section */

/* Begin PBXProject section */
		0C49B31C23B692C60094EFFD /* Project object */ = {
			isa = PBXProject;
			attributes = {
				LastSwiftUpdateCheck = 1020;
				LastUpgradeCheck = 1020;
				ORGANIZATIONNAME = badriah;
				TargetAttributes = {
					0C49B32323B692C60094EFFD = {
						CreatedOnToolsVersion = 10.2.1;
					};
				};
			};
			buildConfigurationList = 0C49B31F23B692C60094EFFD /* Build configuration list for PBXProject "cocoa" */;
			compatibilityVersion = "Xcode 9.3";
			developmentRegion = en;
			hasScannedForEncodings = 0;
			knownRegions = (
				en,
				Base,
			);
			mainGroup = 0C49B31B23B692C60094EFFD;
			productRefGroup = 0C49B32523B692C60094EFFD /* Products */;
			projectDirPath = "";
			projectRoot = "";
			targets = (
				0C49B32323B692C60094EFFD /* cocoa */,
			);
		};
/* End PBXProject section */

/* Begin PBXResourcesBuildPhase section */
		0C49B32223B692C60094EFFD /* Resources */ = {
			isa = PBXResourcesBuildPhase;
			buildActionMask = 2147483647;
			files = (
				0C49B33223B692C80094EFFD /* LaunchScreen.storyboard in Resources */,
				0C49B32F23B692C80094EFFD /* Assets.xcassets in Resources */,
				0C49B32D23B692C60094EFFD /* Main.storyboard in Resources */,
			);
			runOnlyForDeploymentPostprocessing = 0;
		};
/* End PBXResourcesBuildPhase section */

/* Begin PBXShellScriptBuildPhase section */
		024B16F5E17AA9EBDCEB5966 /* [CP] Embed Pods Frameworks */ = {
			isa = PBXShellScriptBuildPhase;
			buildActionMask = 2147483647;
			files = (
			);
			inputFileListPaths = (
				"${PODS_ROOT}/Target Support Files/Pods-cocoa/Pods-cocoa-frameworks-${CONFIGURATION}-input-files.xcfilelist",
			);
			name = "[CP] Embed Pods Frameworks";
			outputFileListPaths = (
				"${PODS_ROOT}/Target Support Files/Pods-cocoa/Pods-cocoa-frameworks-${CONFIGURATION}-output-files.xcfilelist",
			);
			runOnlyForDeploymentPostprocessing = 0;
			shellPath = /bin/sh;
			shellScript = "\"${PODS_ROOT}/Target Support Files/Pods-cocoa/Pods-cocoa-frameworks.sh\"\n";
			showEnvVarsInLog = 0;
		};
		C0443C5A498B54870B518579 /* [CP] Check Pods Manifest.lock */ = {
			isa = PBXShellScriptBuildPhase;
			buildActionMask = 2147483647;
			files = (
			);
			inputFileListPaths = (
			);
			inputPaths = (
				"${PODS_PODFILE_DIR_PATH}/Podfile.lock",
				"${PODS_ROOT}/Manifest.lock",
			);
			name = "[CP] Check Pods Manifest.lock";
			outputFileListPaths = (
			);
			outputPaths = (
				"$(DERIVED_FILE_DIR)/Pods-cocoa-checkManifestLockResult.txt",
			);
			runOnlyForDeploymentPostprocessing = 0;
			shellPath = /bin/sh;
			shellScript = "diff \"${PODS_PODFILE_DIR_PATH}/Podfile.lock\" \"${PODS_ROOT}/Manifest.lock\" > /dev/null\nif [ $? != 0 ] ; then\n    # print error to STDERR\n    echo \"error: The sandbox is not in sync with the Podfile.lock. Run 'pod install' or update your CocoaPods installation.\" >&2\n    exit 1\nfi\n# This output is used by Xcode 'outputs' to avoid re-running this script phase.\necho \"SUCCESS\" > \"${SCRIPT_OUTPUT_FILE_0}\"\n";
			showEnvVarsInLog = 0;
		};
/* End PBXShellScriptBuildPhase section */

/* Begin PBXSourcesBuildPhase section */
		0C49B32023B692C60094EFFD /* Sources */ = {
			isa = PBXSourcesBuildPhase;
			buildActionMask = 2147483647;
			files = (
				0C49B32A23B692C60094EFFD /* ViewController.swift in Sources */,
				0C49B32823B692C60094EFFD /* AppDelegate.swift in Sources */,
			);
			runOnlyForDeploymentPostprocessing = 0;
		};
/* End PBXSourcesBuildPhase section */

/* Begin PBXVariantGroup section */
		0C49B32B23B692C60094EFFD /* Main.storyboard */ = {
			isa = PBXVariantGroup;
			children = (
				0C49B32C23B692C60094EFFD /* Base */,
			);
			name = Main.storyboard;
			sourceTree = "<group>";
		};
		0C49B33023B692C80094EFFD /* LaunchScreen.storyboard */ = {
			isa = PBXVariantGroup;
			children = (
				0C49B33123B692C80094EFFD /* Base */,
			);
			name = LaunchScreen.storyboard;
			sourceTree = "<group>";
		};
/* End PBXVariantGroup section */

/* Begin XCBuildConfiguration section */
		0C49B33423B692C80094EFFD /* Debug */ = {
			isa = XCBuildConfiguration;
			buildSettings = {
				ALWAYS_SEARCH_USER_PATHS = NO;
				CLANG_ANALYZER_NONNULL = YES;
				CLANG_ANALYZER_NUMBER_OBJECT_CONVERSION = YES_AGGRESSIVE;
				CLANG_CXX_LANGUAGE_STANDARD = "gnu++14";
				CLANG_CXX_LIBRARY = "libc++";
				CLANG_ENABLE_MODULES = YES;
				CLANG_ENABLE_OBJC_ARC = YES;
				CLANG_ENABLE_OBJC_WEAK = YES;
				CLANG_WARN_BLOCK_CAPTURE_AUTORELEASING = YES;
				CLANG_WARN_BOOL_CONVERSION = YES;
				CLANG_WARN_COMMA = YES;
				CLANG_WARN_CONSTANT_CONVERSION = YES;
				CLANG_WARN_DEPRECATED_OBJC_IMPLEMENTATIONS = YES;
				CLANG_WARN_DIRECT_OBJC_ISA_USAGE = YES_ERROR;
				CLANG_WARN_DOCUMENTATION_COMMENTS = YES;
				CLANG_WARN_EMPTY_BODY = YES;
				CLANG_WARN_ENUM_CONVERSION = YES;
				CLANG_WARN_INFINITE_RECURSION = YES;
				CLANG_WARN_INT_CONVERSION = YES;
				CLANG_WARN_NON_LITERAL_NULL_CONVERSION = YES;
				CLANG_WARN_OBJC_IMPLICIT_RETAIN_SELF = YES;
				CLANG_WARN_OBJC_LITERAL_CONVERSION = YES;
				CLANG_WARN_OBJC_ROOT_CLASS = YES_ERROR;
				CLANG_WARN_RANGE_LOOP_ANALYSIS = YES;
				CLANG_WARN_STRICT_PROTOTYPES = YES;
				CLANG_WARN_SUSPICIOUS_MOVE = YES;
				CLANG_WARN_UNGUARDED_AVAILABILITY = YES_AGGRESSIVE;
				CLANG_WARN_UNREACHABLE_CODE = YES;
				CLANG_WARN__DUPLICATE_METHOD_MATCH = YES;
				CODE_SIGN_IDENTITY = "iPhone Developer";
				COPY_PHASE_STRIP = NO;
				DEBUG_INFORMATION_FORMAT = dwarf;
				ENABLE_STRICT_OBJC_MSGSEND = YES;
				ENABLE_TESTABILITY = YES;
				GCC_C_LANGUAGE_STANDARD = gnu11;
				GCC_DYNAMIC_NO_PIC = NO;
				GCC_NO_COMMON_BLOCKS = YES;
				GCC_OPTIMIZATION_LEVEL = 0;
				GCC_PREPROCESSOR_DEFINITIONS = (
					"DEBUG=1",
					"$(inherited)",
				);
				GCC_WARN_64_TO_32_BIT_CONVERSION = YES;
				GCC_WARN_ABOUT_RETURN_TYPE = YES_ERROR;
				GCC_WARN_UNDECLARED_SELECTOR = YES;
				GCC_WARN_UNINITIALIZED_AUTOS = YES_AGGRESSIVE;
				GCC_WARN_UNUSED_FUNCTION = YES;
				GCC_WARN_UNUSED_VARIABLE = YES;
				IPHONEOS_DEPLOYMENT_TARGET = 12.2;
				MTL_ENABLE_DEBUG_INFO = INCLUDE_SOURCE;
				MTL_FAST_MATH = YES;
				ONLY_ACTIVE_ARCH = YES;
				SDKROOT = iphoneos;
				SWIFT_ACTIVE_COMPILATION_CONDITIONS = DEBUG;
				SWIFT_OPTIMIZATION_LEVEL = "-Onone";
			};
			name = Debug;
		};
		0C49B33523B692C80094EFFD /* Release */ = {
			isa = XCBuildConfiguration;
			buildSettings = {
				ALWAYS_SEARCH_USER_PATHS = NO;
				CLANG_ANALYZER_NONNULL = YES;
				CLANG_ANALYZER_NUMBER_OBJECT_CONVERSION = YES_AGGRESSIVE;
				CLANG_CXX_LANGUAGE_STANDARD = "gnu++14";
				CLANG_CXX_LIBRARY = "libc++";
				CLANG_ENABLE_MODULES = YES;
				CLANG_ENABLE_OBJC_ARC = YES;
				CLANG_ENABLE_OBJC_WEAK = YES;
				CLANG_WARN_BLOCK_CAPTURE_AUTORELEASING = YES;
				CLANG_WARN_BOOL_CONVERSION = YES;
				CLANG_WARN_COMMA = YES;
				CLANG_WARN_CONSTANT_CONVERSION = YES;
				CLANG_WARN_DEPRECATED_OBJC_IMPLEMENTATIONS = YES;
				CLANG_WARN_DIRECT_OBJC_ISA_USAGE = YES_ERROR;
				CLANG_WARN_DOCUMENTATION_COMMENTS = YES;
				CLANG_WARN_EMPTY_BODY = YES;
				CLANG_WARN_ENUM_CONVERSION = YES;
				CLANG_WARN_INFINITE_RECURSION = YES;
				CLANG_WARN_INT_CONVERSION = YES;
				CLANG_WARN_NON_LITERAL_NULL_CONVERSION = YES;
				CLANG_WARN_OBJC_IMPLICIT_RETAIN_SELF = YES;
				CLANG_WARN_OBJC_LITERAL_CONVERSION = YES;
				CLANG_WARN_OBJC_ROOT_CLASS = YES_ERROR;
				CLANG_WARN_RANGE_LOOP_ANALYSIS = YES;
				CLANG_WARN_STRICT_PROTOTYPES = YES;
				CLANG_WARN_SUSPICIOUS_MOVE = YES;
				CLANG_WARN_UNGUARDED_AVAILABILITY = YES_AGGRESSIVE;
				CLANG_WARN_UNREACHABLE_CODE = YES;
				CLANG_WARN__DUPLICATE_METHOD_MATCH = YES;
				CODE_SIGN_IDENTITY = "iPhone Developer";
				COPY_PHASE_STRIP = NO;
				DEBUG_INFORMATION_FORMAT = "dwarf-with-dsym";
				ENABLE_NS_ASSERTIONS = NO;
				ENABLE_STRICT_OBJC_MSGSEND = YES;
				GCC_C_LANGUAGE_STANDARD = gnu11;
				GCC_NO_COMMON_BLOCKS = YES;
				GCC_WARN_64_TO_32_BIT_CONVERSION = YES;
				GCC_WARN_ABOUT_RETURN_TYPE = YES_ERROR;
				GCC_WARN_UNDECLARED_SELECTOR = YES;
				GCC_WARN_UNINITIALIZED_AUTOS = YES_AGGRESSIVE;
				GCC_WARN_UNUSED_FUNCTION = YES;
				GCC_WARN_UNUSED_VARIABLE = YES;
				IPHONEOS_DEPLOYMENT_TARGET = 12.2;
				MTL_ENABLE_DEBUG_INFO = NO;
				MTL_FAST_MATH = YES;
				SDKROOT = iphoneos;
				SWIFT_COMPILATION_MODE = wholemodule;
				SWIFT_OPTIMIZATION_LEVEL = "-O";
				VALIDATE_PRODUCT = YES;
			};
			name = Release;
		};
		0C49B33723B692C80094EFFD /* Debug */ = {
			isa = XCBuildConfiguration;
			baseConfigurationReference = D9EC343AB3C76783919A6A8A /* Pods-cocoa.debug.xcconfig */;
			buildSettings = {
				ASSETCATALOG_COMPILER_APPICON_NAME = AppIcon;
				CODE_SIGN_STYLE = Automatic;
				DEVELOPMENT_TEAM = 4A737NJLUQ;
				INFOPLIST_FILE = cocoa/Info.plist;
				LD_RUNPATH_SEARCH_PATHS = (
					"$(inherited)",
					"@executable_path/Frameworks",
				);
				PRODUCT_BUNDLE_IDENTIFIER = com.badriah.cocoa;
				PRODUCT_NAME = "$(TARGET_NAME)";
				SWIFT_VERSION = 5.0;
				TARGETED_DEVICE_FAMILY = "1,2";
			};
			name = Debug;
		};
		0C49B33823B692C80094EFFD /* Release */ = {
			isa = XCBuildConfiguration;
			baseConfigurationReference = 21ADD0B86327E5C24DB407C3 /* Pods-cocoa.release.xcconfig */;
			buildSettings = {
				ASSETCATALOG_COMPILER_APPICON_NAME = AppIcon;
				CODE_SIGN_STYLE = Automatic;
				DEVELOPMENT_TEAM = 4A737NJLUQ;
				INFOPLIST_FILE = cocoa/Info.plist;
				LD_RUNPATH_SEARCH_PATHS = (
					"$(inherited)",
					"@executable_path/Frameworks",
				);
				PRODUCT_BUNDLE_IDENTIFIER = com.badriah.cocoa;
				PRODUCT_NAME = "$(TARGET_NAME)";
				SWIFT_VERSION = 5.0;
				TARGETED_DEVICE_FAMILY = "1,2";
			};
			name = Release;
		};
/* End XCBuildConfiguration section */

/* Begin XCConfigurationList section */
		0C49B31F23B692C60094EFFD /* Build configuration list for PBXProject "cocoa" */ = {
			isa = XCConfigurationList;
			buildConfigurations = (
				0C49B33423B692C80094EFFD /* Debug */,
				0C49B33523B692C80094EFFD /* Release */,
			);
			defaultConfigurationIsVisible = 0;
			defaultConfigurationName = Release;
		};
		0C49B33623B692C80094EFFD /* Build configuration list for PBXNativeTarget "cocoa" */ = {
			isa = XCConfigurationList;
			buildConfigurations = (
				0C49B33723B692C80094EFFD /* Debug */,
				0C49B33823B692C80094EFFD /* Release */,
			);
			defaultConfigurationIsVisible = 0;
			defaultConfigurationName = Release;
		};
/* End XCConfigurationList section */
	};
	rootObject = 0C49B31C23B692C60094EFFD /* Project object */;
}
